
Microsoft Visual Studio Solution File, Format Version 12.00
# Visual Studio 2013
VisualStudioVersion = 12.0.31101.0
MinimumVisualStudioVersion = 10.0.40219.1
Project("{FAE04EC0-301F-11D3-BF4B-00C04F79EFBC}") = "KPILibrary", "KPILibrary_SPARQL\KPILibrary.csproj", "{AE1CC7C7-2632-423F-AB59-2E0C36E1CEE2}"
EndProject
Project("{FAE04EC0-301F-11D3-BF4B-00C04F79EFBC}") = "DatasetSplitter", "DatasetSplitter\DatasetSplitter.csproj", "{3992A159-68C9-435B-94B4-0F63A72C86AC}"
EndProject
Project("{FAE04EC0-301F-11D3-BF4B-00C04F79EFBC}") = "CollaborativeFiltering", "CollaborativeFiltering\CollaborativeFiltering.csproj", "{A63E17CB-3A27-48E9-B16F-02E2279FB5F7}"
EndProject
Project("{FAE04EC0-301F-11D3-BF4B-00C04F79EFBC}") = "CollaborativeFilteringTest", "CollaborativeFilteringTest\CollaborativeFilteringTest.csproj", "{25998874-E1CC-4917-A209-C9C472CB142E}"
EndProject
Global
	GlobalSection(SolutionConfigurationPlatforms) = preSolution
		Debug|Any CPU = Debug|Any CPU
		Release|Any CPU = Release|Any CPU
	EndGlobalSection
	GlobalSection(ProjectConfigurationPlatforms) = postSolution
		{AE1CC7C7-2632-423F-AB59-2E0C36E1CEE2}.Debug|Any CPU.ActiveCfg = Debug|Any CPU
		{AE1CC7C7-2632-423F-AB59-2E0C36E1CEE2}.Debug|Any CPU.Build.0 = Debug|Any CPU
		{AE1CC7C7-2632-423F-AB59-2E0C36E1CEE2}.Release|Any CPU.ActiveCfg = Release|Any CPU
		{AE1CC7C7-2632-423F-AB59-2E0C36E1CEE2}.Release|Any CPU.Build.0 = Release|Any CPU
		{3992A159-68C9-435B-94B4-0F63A72C86AC}.Debug|Any CPU.ActiveCfg = Debug|Any CPU
		{3992A159-68C9-435B-94B4-0F63A72C86AC}.Debug|Any CPU.Build.0 = Debug|Any CPU
		{3992A159-68C9-435B-94B4-0F63A72C86AC}.Release|Any CPU.ActiveCfg = Release|Any CPU
		{3992A159-68C9-435B-94B4-0F63A72C86AC}.Release|Any CPU.Build.0 = Release|Any CPU
		{A63E17CB-3A27-48E9-B16F-02E2279FB5F7}.Debug|Any CPU.ActiveCfg = Debug|Any CPU
		{A63E17CB-3A27-48E9-B16F-02E2279FB5F7}.Debug|Any CPU.Build.0 = Debug|Any CPU
		{A63E17CB-3A27-48E9-B16F-02E2279FB5F7}.Release|Any CPU.ActiveCfg = Release|Any CPU
		{A63E17CB-3A27-48E9-B16F-02E2279FB5F7}.Release|Any CPU.Build.0 = Release|Any CPU
		{25998874-E1CC-4917-A209-C9C472CB142E}.Debug|Any CPU.ActiveCfg = Debug|Any CPU
		{25998874-E1CC-4917-A209-C9C472CB142E}.Debug|Any CPU.Build.0 = Debug|Any CPU
		{25998874-E1CC-4917-A209-C9C472CB142E}.Release|Any CPU.ActiveCfg = Release|Any CPU
		{25998874-E1CC-4917-A209-C9C472CB142E}.Release|Any CPU.Build.0 = Release|Any CPU
	EndGlobalSection
	GlobalSection(SolutionProperties) = preSolution
		HideSolutionNode = FALSE
	EndGlobalSection
EndGlobal
